
Microsoft Visual Studio Solution File, Format Version 12.00
# Visual Studio Version 16
VisualStudioVersion = 16.0.31205.134
MinimumVisualStudioVersion = 10.0.40219.1
Project("{9A19103F-16F7-4668-BE54-9A1E7A4F7556}") = "AsteroidLLC", "AsteroidLLC.csproj", "{18D4C93B-76A2-45CD-AC7E-5FA2E6CEFD0C}"
EndProject
Global
	GlobalSection(SolutionConfigurationPlatforms) = preSolution
		Debug|Any CPU = Debug|Any CPU
		Release|Any CPU = Release|Any CPU
	EndGlobalSection
	GlobalSection(ProjectConfigurationPlatforms) = postSolution
		{18D4C93B-76A2-45CD-AC7E-5FA2E6CEFD0C}.Debug|Any CPU.ActiveCfg = Debug|Any CPU
		{18D4C93B-76A2-45CD-AC7E-5FA2E6CEFD0C}.Debug|Any CPU.Build.0 = Debug|Any CPU
		{18D4C93B-76A2-45CD-AC7E-5FA2E6CEFD0C}.Release|Any CPU.ActiveCfg = Release|Any CPU
		{18D4C93B-76A2-45CD-AC7E-5FA2E6CEFD0C}.Release|Any CPU.Build.0 = Release|Any CPU
	EndGlobalSection
	GlobalSection(SolutionProperties) = preSolution
		HideSolutionNode = FALSE
	EndGlobalSection
	GlobalSection(ExtensibilityGlobals) = postSolution
		SolutionGuid = {676D2AF6-71E2-44A6-905F-6CA3E833A11F}
	EndGlobalSection
EndGlobal
